<?xml version="1.0" encoding="utf-8"?>
<Project ToolsVersion="4.0" xmlns="http://schemas.microsoft.com/developer/msbuild/2003">
  <ItemGroup>
    <ClCompile Include="lpred.cpp">
      <Filter>Source Files</Filter>
    </ClCompile>
    <ClCompile Include="EntityManager.cpp">
      <Filter>Source Files</Filter>
    </ClCompile>
    <ClCompile Include="stdafx.cpp">
      <Filter>Source Files</Filter>
    </ClCompile>
  </ItemGroup>
  <ItemGroup>
    <ClInclude Include="AttackableUnit.hpp">
      <Filter>Header Files</Filter>
    </ClInclude>
    <ClInclude Include="AIBaseClient.hpp">
      <Filter>Header Files</Filter>
    </ClInclude>
    <ClInclude Include="AIHeroClient.hpp">
      <Filter>Header Files</Filter>
    </ClInclude>
    <ClInclude Include="AIMinionClient.hpp">
      <Filter>Header Files</Filter>
    </ClInclude>
    <ClInclude Include="AITurretClient.hpp">
      <Filter>Header Files</Filter>
    </ClInclude>
    <ClInclude Include="EntityManager.hpp">
      <Filter>Header Files</Filter>
    </ClInclude>
    <ClInclude Include="GameObject.hpp">
      <Filter>Header Files</Filter>
    </ClInclude>
    <ClInclude Include="stdafx.h">
      <Filter>Header Files</Filter>
    </ClInclude>
    <ClInclude Include="lpred.h">
      <Filter>Header Files</Filter>
    </ClInclude>
    <ClInclude Include="rVectors.hpp">
      <Filter>Header Files</Filter>
    </ClInclude>
    <ClInclude Include="SDKEX_Headers.h">
      <Filter>Header Files</Filter>
    </ClInclude>
    <ClInclude Include="LSEventHandler.hpp">
      <Filter>Header Files</Filter>
    </ClInclude>
    <ClInclude Include="Game.hpp">
      <Filter>Header Files</Filter>
    </ClInclude>
    <ClInclude Include="AntiAFK.h">
      <Filter>Header Files</Filter>
    </ClInclude>
  </ItemGroup>
  <ItemGroup>
    <Filter Include="Header Files">
      <UniqueIdentifier>{fb68d5ca-4f16-4060-9f5e-8ea71a3eb9aa}</UniqueIdentifier>
    </Filter>
    <Filter Include="Source Files">
      <UniqueIdentifier>{9251c206-b2d3-47f2-919d-177eaa36a72e}</UniqueIdentifier>
    </Filter>
    <ClCompile Include="EntityManager.cpp" />
    <ClCompile Include="lpred.cpp" />
    <ClCompile Include="stdafx.cpp" />
  </ItemGroup>
  <ItemGroup>
    <ClInclude Include="AIBaseClient.hpp" />
    <ClInclude Include="AIHeroClient.hpp" />
    <ClInclude Include="AIMinionClient.hpp" />
    <ClInclude Include="AITurretClient.hpp" />
    <ClInclude Include="AttackableUnit.hpp" />
    <ClInclude Include="EntityManager.hpp" />
    <ClInclude Include="GameObject.hpp" />
    <ClInclude Include="lpred.h" />
    <ClInclude Include="rVectors.hpp" />
    <ClInclude Include="SDKEX_Headers.h" />
    <ClInclude Include="stdafx.h" />
    <ClInclude Include="Game.hpp" />
  </ItemGroup>
</Project>