<?xml version="1.0" encoding="utf-8"?>
<Project ToolsVersion="4.0" xmlns="http://schemas.microsoft.com/developer/msbuild/2003">
  <ItemGroup>
    <Filter Include="Source Files">
      <UniqueIdentifier>{4FC737F1-C7A5-4376-A066-2A32D752A2FF}</UniqueIdentifier>
      <Extensions>cpp;c;cc;cxx;def;odl;idl;hpj;bat;asm;asmx</Extensions>
    </Filter>
    <Filter Include="Header Files">
      <UniqueIdentifier>{93995380-89BD-4b04-88EB-625FBE52EBFB}</UniqueIdentifier>
      <Extensions>h;hh;hpp;hxx;hm;inl;inc;ipp;xsd</Extensions>
    </Filter>
    <Filter Include="Resource Files">
      <UniqueIdentifier>{67DA6AB6-F800-4c08-8B7A-83BB121AAD01}</UniqueIdentifier>
      <Extensions>rc;ico;cur;bmp;dlg;rc2;rct;bin;rgs;gif;jpg;jpeg;jpe;resx;tiff;tif;png;wav;mfcribbon-ms</Extensions>
    </Filter>
    <Filter Include="LSHelpers">
      <UniqueIdentifier>{de1d5ed9-c78c-4e0b-b6ce-2e8482f5ec15}</UniqueIdentifier>
    </Filter>
  </ItemGroup>
  <ItemGroup>
    <ClCompile Include="lpred.cpp">
      <Filter>Source Files</Filter>
    </ClCompile>
    <ClCompile Include="stdafx.cpp">
      <Filter>Source Files</Filter>
    </ClCompile>
    <ClCompile Include="EntityManager.cpp">
      <Filter>Source Files</Filter>
    </ClCompile>
  </ItemGroup>
  <ItemGroup>
    <ClInclude Include="lpred.h">
      <Filter>Header Files</Filter>
    </ClInclude>
    <ClInclude Include="rVectors.hpp">
      <Filter>LSHelpers</Filter>
    </ClInclude>
    <ClInclude Include="stdafx.h">
      <Filter>Header Files</Filter>
    </ClInclude>
    <ClInclude Include="SDKEX_Headers.h">
      <Filter>LSHelpers</Filter>
    </ClInclude>
    <ClInclude Include="GameObject.hpp">
      <Filter>LSHelpers</Filter>
    </ClInclude>
    <ClInclude Include="AIBaseClient.hpp">
      <Filter>LSHelpers</Filter>
    </ClInclude>
    <ClInclude Include="AIHeroClient.hpp">
      <Filter>LSHelpers</Filter>
    </ClInclude>
    <ClInclude Include="AIMinionClient.hpp">
      <Filter>LSHelpers</Filter>
    </ClInclude>
    <ClInclude Include="AITurretClient.hpp">
      <Filter>LSHelpers</Filter>
    </ClInclude>
    <ClInclude Include="AttackableUnit.hpp">
      <Filter>LSHelpers</Filter>
    </ClInclude>
    <ClInclude Include="EntityManager.hpp">
      <Filter>LSHelpers</Filter>
    </ClInclude>
  </ItemGroup>
</Project>